
Microsoft Visual Studio Solution File, Format Version 12.00
# Visual Studio Version 16
VisualStudioVersion = 16.0.30413.136
MinimumVisualStudioVersion = 10.0.40219.1
Project("{9A19103F-16F7-4668-BE54-9A1E7A4F7556}") = "mongofront", "mongofront\mongofront.csproj", "{ACBE2702-0AE0-425D-9AD3-239CEE9F96BC}"
EndProject
Project("{FAE04EC0-301F-11D3-BF4B-00C04F79EFBC}") = "mongotest", "mongotest\mongotest.csproj", "{DC3DD46C-E08E-463E-B382-412EFCEC5DA3}"
EndProject
Project("{FAE04EC0-301F-11D3-BF4B-00C04F79EFBC}") = "mongoback", "mongoback\mongoback.csproj", "{66BDEC33-07A4-4622-B7DE-5D0DA61B6CF2}"
EndProject
Global
	GlobalSection(SolutionConfigurationPlatforms) = preSolution
		Debug|Any CPU = Debug|Any CPU
		Release|Any CPU = Release|Any CPU
	EndGlobalSection
	GlobalSection(ProjectConfigurationPlatforms) = postSolution
		{ACBE2702-0AE0-425D-9AD3-239CEE9F96BC}.Debug|Any CPU.ActiveCfg = Debug|Any CPU
		{ACBE2702-0AE0-425D-9AD3-239CEE9F96BC}.Debug|Any CPU.Build.0 = Debug|Any CPU
		{ACBE2702-0AE0-425D-9AD3-239CEE9F96BC}.Release|Any CPU.ActiveCfg = Release|Any CPU
		{ACBE2702-0AE0-425D-9AD3-239CEE9F96BC}.Release|Any CPU.Build.0 = Release|Any CPU
		{DC3DD46C-E08E-463E-B382-412EFCEC5DA3}.Debug|Any CPU.ActiveCfg = Debug|Any CPU
		{DC3DD46C-E08E-463E-B382-412EFCEC5DA3}.Debug|Any CPU.Build.0 = Debug|Any CPU
		{DC3DD46C-E08E-463E-B382-412EFCEC5DA3}.Release|Any CPU.ActiveCfg = Release|Any CPU
		{DC3DD46C-E08E-463E-B382-412EFCEC5DA3}.Release|Any CPU.Build.0 = Release|Any CPU
		{66BDEC33-07A4-4622-B7DE-5D0DA61B6CF2}.Debug|Any CPU.ActiveCfg = Debug|Any CPU
		{66BDEC33-07A4-4622-B7DE-5D0DA61B6CF2}.Debug|Any CPU.Build.0 = Debug|Any CPU
		{66BDEC33-07A4-4622-B7DE-5D0DA61B6CF2}.Release|Any CPU.ActiveCfg = Release|Any CPU
		{66BDEC33-07A4-4622-B7DE-5D0DA61B6CF2}.Release|Any CPU.Build.0 = Release|Any CPU
	EndGlobalSection
	GlobalSection(SolutionProperties) = preSolution
		HideSolutionNode = FALSE
	EndGlobalSection
	GlobalSection(ExtensibilityGlobals) = postSolution
		SolutionGuid = {1F281E31-D4D2-4599-998A-97628413D55B}
	EndGlobalSection
EndGlobal
